
Microsoft Visual Studio Solution File, Format Version 12.00
Project("{FAE04EC0-301F-11D3-BF4B-00C04F79EFBC}") = "TeamTracker.Data", "TeamTracker.Data\TeamTracker.Data.csproj", "{8FBCAD77-DED0-4B9D-AE37-C67E1C96E974}"
EndProject
Project("{FAE04EC0-301F-11D3-BF4B-00C04F79EFBC}") = "TestDb", "TestDb\TestDb.csproj", "{7231FA61-6891-45CD-AEF9-FB16D0A071CD}"
EndProject
Project("{FAE04EC0-301F-11D3-BF4B-00C04F79EFBC}") = "TeamTracker.Wpf", "TeamTracker.Wpf\TeamTracker.Wpf.csproj", "{A6D4F411-53D8-49B4-AB53-71E6CB7EF52F}"
EndProject
Project("{FAE04EC0-301F-11D3-BF4B-00C04F79EFBC}") = "TeamTracker.Domain", "TeamTracker.Domain\TeamTracker.Domain.csproj", "{CE8E3644-CF96-4C4F-A651-F79F76319D9E}"
EndProject
Global
	GlobalSection(SolutionConfigurationPlatforms) = preSolution
		Debug|Any CPU = Debug|Any CPU
		Release|Any CPU = Release|Any CPU
	EndGlobalSection
	GlobalSection(ProjectConfigurationPlatforms) = postSolution
		{8FBCAD77-DED0-4B9D-AE37-C67E1C96E974}.Debug|Any CPU.ActiveCfg = Debug|Any CPU
		{8FBCAD77-DED0-4B9D-AE37-C67E1C96E974}.Debug|Any CPU.Build.0 = Debug|Any CPU
		{8FBCAD77-DED0-4B9D-AE37-C67E1C96E974}.Release|Any CPU.ActiveCfg = Release|Any CPU
		{8FBCAD77-DED0-4B9D-AE37-C67E1C96E974}.Release|Any CPU.Build.0 = Release|Any CPU
		{7231FA61-6891-45CD-AEF9-FB16D0A071CD}.Debug|Any CPU.ActiveCfg = Debug|Any CPU
		{7231FA61-6891-45CD-AEF9-FB16D0A071CD}.Debug|Any CPU.Build.0 = Debug|Any CPU
		{7231FA61-6891-45CD-AEF9-FB16D0A071CD}.Release|Any CPU.ActiveCfg = Release|Any CPU
		{7231FA61-6891-45CD-AEF9-FB16D0A071CD}.Release|Any CPU.Build.0 = Release|Any CPU
		{A6D4F411-53D8-49B4-AB53-71E6CB7EF52F}.Debug|Any CPU.ActiveCfg = Debug|Any CPU
		{A6D4F411-53D8-49B4-AB53-71E6CB7EF52F}.Debug|Any CPU.Build.0 = Debug|Any CPU
		{A6D4F411-53D8-49B4-AB53-71E6CB7EF52F}.Release|Any CPU.ActiveCfg = Release|Any CPU
		{A6D4F411-53D8-49B4-AB53-71E6CB7EF52F}.Release|Any CPU.Build.0 = Release|Any CPU
		{CE8E3644-CF96-4C4F-A651-F79F76319D9E}.Debug|Any CPU.ActiveCfg = Debug|Any CPU
		{CE8E3644-CF96-4C4F-A651-F79F76319D9E}.Debug|Any CPU.Build.0 = Debug|Any CPU
		{CE8E3644-CF96-4C4F-A651-F79F76319D9E}.Release|Any CPU.ActiveCfg = Release|Any CPU
		{CE8E3644-CF96-4C4F-A651-F79F76319D9E}.Release|Any CPU.Build.0 = Release|Any CPU
	EndGlobalSection
EndGlobal
